PODS:
  - Alamofire (5.0.0-beta.5)
  - OBNetworking (1.0):
    - Alamofire (= 5.0.0-beta.5)

DEPENDENCIES:
  - OBNetworking (from `../OBNetworking`)

SPEC REPOS:
  trunk:
    - Alamofire

EXTERNAL SOURCES:
  OBNetworking:
    :path: "../OBNetworking"

SPEC CHECKSUMS:
  Alamofire: 9afb08f7f43efcc71c072374e720fcf67521317d
  OBNetworking: 4012f73699398aa1ed2d84dee186add7bbdf9c18

PODFILE CHECKSUM: 4a43e48239fac24a34f92b04f3559ac495b670cb

COCOAPODS: 1.8.4
